// !$*UTF8*$!
{ archiveVersion = 1; classes = {}; objectVersion = 56; objects = {
AD81B4F62CF47694B6298D9B = { isa = PBXFileReference; lastKnownFileType = sourcecode.swift; path = "XboxVoiceDeck/App/DeckModel.swift"; sourceTree = "<group>"; };
FCF9A7F25C26B943ADEB0CEC = { isa = PBXFileReference; lastKnownFileType = sourcecode.swift; path = "XboxVoiceDeck/App/DeckServices.swift"; sourceTree = "<group>"; };
97AC39DBAEB684A215B5569E = { isa = PBXFileReference; lastKnownFileType = sourcecode.swift; path = "XboxVoiceDeck/App/UITestFixture.swift"; sourceTree = "<group>"; };
290FF1BF49096B37487F107D = { isa = PBXFileReference; lastKnownFileType = sourcecode.swift; path = "XboxVoiceDeck/App/XboxVoiceDeckApp.swift"; sourceTree = "<group>"; };
C186E5A26501A9E3DDBDE180 = { isa = PBXFileReference; lastKnownFileType = sourcecode.swift; path = "XboxVoiceDeck/Audio/CoreAudio/HALUnit.swift"; sourceTree = "<group>"; };
59A22220283E9272EC0B9F24 = { isa = PBXFileReference; lastKnownFileType = sourcecode.swift; path = "XboxVoiceDeck/Audio/Devices/AudioDeviceManager.swift"; sourceTree = "<group>"; };
14D4092E006E0FA74D4D8883 = { isa = PBXFileReference; lastKnownFileType = sourcecode.swift; path = "XboxVoiceDeck/Audio/Diagnostics/EndpointTestEngine.swift"; sourceTree = "<group>"; };
E78B061D760644A25C608EC5 = { isa = PBXFileReference; lastKnownFileType = sourcecode.swift; path = "XboxVoiceDeck/Audio/Diagnostics/OfflineSafetyCheck.swift"; sourceTree = "<group>"; };
1F3789C58346D86606350596 = { isa = PBXFileReference; lastKnownFileType = sourcecode.c.c; path = "XboxVoiceDeck/Audio/Realtime/DeckAudio.c"; sourceTree = "<group>"; };
8700FE0A3372B925F3EA9EC7 = { isa = PBXFileReference; lastKnownFileType = sourcecode.c.h; path = "XboxVoiceDeck/Audio/Realtime/DeckAudio.h"; sourceTree = "<group>"; };
731DDBF1590C3BEFE3F768E3 = { isa = PBXFileReference; lastKnownFileType = sourcecode.c.c; path = "XboxVoiceDeck/Audio/Realtime/DeckEndpointTest.c"; sourceTree = "<group>"; };
8C5B716AD745DE9FD72634A1 = { isa = PBXFileReference; lastKnownFileType = sourcecode.swift; path = "XboxVoiceDeck/Audio/Routing/AudioRoutingEngine.swift"; sourceTree = "<group>"; };
82BA0F4BB185419AD82161BB = { isa = PBXFileReference; lastKnownFileType = sourcecode.swift; path = "XboxVoiceDeck/Audio/Routing/RoutingStartGate.swift"; sourceTree = "<group>"; };
E82ECA5F1AFD1C6FA32A06D5 = { isa = PBXFileReference; lastKnownFileType = sourcecode.swift; path = "XboxVoiceDeck/Models/EndpointTestModel.swift"; sourceTree = "<group>"; };
90CF009A2BE121EC957ABDA3 = { isa = PBXFileReference; lastKnownFileType = sourcecode.swift; path = "XboxVoiceDeck/Models/ReadinessReport.swift"; sourceTree = "<group>"; };
A680FAB64C045CB13D512B97 = { isa = PBXFileReference; lastKnownFileType = sourcecode.swift; path = "XboxVoiceDeck/Models/RoutingConfiguration.swift"; sourceTree = "<group>"; };
CA1E6D3618A149AB4AEF5D95 = { isa = PBXFileReference; lastKnownFileType = sourcecode.swift; path = "XboxVoiceDeck/Models/RoutingPreflight.swift"; sourceTree = "<group>"; };
7681A09AC4CC8D37762FE6F7 = { isa = PBXFileReference; lastKnownFileType = sourcecode.swift; path = "XboxVoiceDeck/Settings/CalibrationStore.swift"; sourceTree = "<group>"; };
91DD1892BE677E9F04632A24 = { isa = PBXFileReference; lastKnownFileType = sourcecode.c.h; path = "XboxVoiceDeck/Support/BridgingHeader.h"; sourceTree = "<group>"; };
5E0193293D164CE98E7F9B48 = { isa = PBXFileReference; lastKnownFileType = text.plist.xml; path = "XboxVoiceDeck/Support/Info.plist"; sourceTree = "<group>"; };
19F7E77080CBE33654D1AA68 = { isa = PBXFileReference; lastKnownFileType = text.plist.entitlements; path = "XboxVoiceDeck/Support/XboxVoiceDeck.entitlements"; sourceTree = "<group>"; };
3FB4147105E8E1BFFF1C9A71 = { isa = PBXFileReference; lastKnownFileType = sourcecode.swift; path = "XboxVoiceDeck/Views/Calibration/CalibrationView.swift"; sourceTree = "<group>"; };
68305D8645C3F2F74106999C = { isa = PBXFileReference; lastKnownFileType = sourcecode.swift; path = "XboxVoiceDeck/Views/DeckView.swift"; sourceTree = "<group>"; };
6CB474C8D272CD9B66B57050 = { isa = PBXFileReference; lastKnownFileType = sourcecode.swift; path = "XboxVoiceDeck/Views/Setup/EndpointTestView.swift"; sourceTree = "<group>"; };
59955ED334740AAE0363C80C = { isa = PBXFileReference; lastKnownFileType = sourcecode.swift; path = "XboxVoiceDeck/Views/Setup/MicrophoneAccessView.swift"; sourceTree = "<group>"; };
F02B30F87F0BC3A5343202F1 = { isa = PBXFileReference; lastKnownFileType = sourcecode.swift; path = "XboxVoiceDeck/Views/Setup/PreflightView.swift"; sourceTree = "<group>"; };
9D83261BE1ABDD86DAA8D37E = { isa = PBXFileReference; lastKnownFileType = sourcecode.swift; path = "tests/DeckTests.swift"; sourceTree = "<group>"; };
0A1FA13A9F389C4C09B5EA2A = { isa = PBXFileReference; lastKnownFileType = sourcecode.swift; path = "tests/EndpointTests.swift"; sourceTree = "<group>"; };
E3CBB9C150870B84D161DECE = { isa = PBXFileReference; lastKnownFileType = sourcecode.swift; path = "tests/ModelLifecycleTests.swift"; sourceTree = "<group>"; };
06CB888BDE0B9A8BE799E7C0 = { isa = PBXFileReference; lastKnownFileType = sourcecode.swift; path = "tests/PreflightTests.swift"; sourceTree = "<group>"; };
DF7D9CC590EF88A250413F9D = { isa = PBXFileReference; lastKnownFileType = sourcecode.swift; path = "tests/UI/ReadinessUITests.swift"; sourceTree = "<group>"; };
E99817A395948F413ECE11D3 = { isa = PBXBuildFile; fileRef = AD81B4F62CF47694B6298D9B; };
9B8689D70ADD932A7E272B01 = { isa = PBXBuildFile; fileRef = FCF9A7F25C26B943ADEB0CEC; };
873962A64A67A791A33F1B76 = { isa = PBXBuildFile; fileRef = 97AC39DBAEB684A215B5569E; };
C3045F6DD9445898BA39A376 = { isa = PBXBuildFile; fileRef = 290FF1BF49096B37487F107D; };
A585FC8658C8B1822CEC3D06 = { isa = PBXBuildFile; fileRef = C186E5A26501A9E3DDBDE180; };
139D944A426B929499EA4B89 = { isa = PBXBuildFile; fileRef = 59A22220283E9272EC0B9F24; };
E72F3A55A8AF757C96AE1F0C = { isa = PBXBuildFile; fileRef = 14D4092E006E0FA74D4D8883; };
1E713EE447550E2C7364DDDD = { isa = PBXBuildFile; fileRef = E78B061D760644A25C608EC5; };
5FC88B11D6C60C3CA23FA492 = { isa = PBXBuildFile; fileRef = 1F3789C58346D86606350596; };
4605B1F7DB05BD86F9323029 = { isa = PBXBuildFile; fileRef = 731DDBF1590C3BEFE3F768E3; };
B4826089F3FE989B68516AEE = { isa = PBXBuildFile; fileRef = 8C5B716AD745DE9FD72634A1; };
902806FC1B7F62AADB8D1E33 = { isa = PBXBuildFile; fileRef = 82BA0F4BB185419AD82161BB; };
CA19BB873910286BD948BFEC = { isa = PBXBuildFile; fileRef = E82ECA5F1AFD1C6FA32A06D5; };
1668479E5155CBDC8F09D59D = { isa = PBXBuildFile; fileRef = 90CF009A2BE121EC957ABDA3; };
AA522E9F379160410CC9C582 = { isa = PBXBuildFile; fileRef = A680FAB64C045CB13D512B97; };
70E64733BB76E06E6B1A9763 = { isa = PBXBuildFile; fileRef = CA1E6D3618A149AB4AEF5D95; };
7E3DE7D01464CB2F2CBE40BF = { isa = PBXBuildFile; fileRef = 7681A09AC4CC8D37762FE6F7; };
31076696C256F64142A9F811 = { isa = PBXBuildFile; fileRef = 3FB4147105E8E1BFFF1C9A71; };
CB1170D7378084FDEAB4A844 = { isa = PBXBuildFile; fileRef = 68305D8645C3F2F74106999C; };
F2D8529A257894E08698A558 = { isa = PBXBuildFile; fileRef = 6CB474C8D272CD9B66B57050; };
958941E5AD1591764912AA2F = { isa = PBXBuildFile; fileRef = 59955ED334740AAE0363C80C; };
57DE434C0AA6D6AF9C11347C = { isa = PBXBuildFile; fileRef = F02B30F87F0BC3A5343202F1; };
D9C3932FB32ADA1A3DAE0B5F = { isa = PBXSourcesBuildPhase; buildActionMask = 2147483647; files = (E99817A395948F413ECE11D3, 9B8689D70ADD932A7E272B01, 873962A64A67A791A33F1B76, C3045F6DD9445898BA39A376, A585FC8658C8B1822CEC3D06, 139D944A426B929499EA4B89, E72F3A55A8AF757C96AE1F0C, 1E713EE447550E2C7364DDDD, 5FC88B11D6C60C3CA23FA492, 4605B1F7DB05BD86F9323029, B4826089F3FE989B68516AEE, 902806FC1B7F62AADB8D1E33, CA19BB873910286BD948BFEC, 1668479E5155CBDC8F09D59D, AA522E9F379160410CC9C582, 70E64733BB76E06E6B1A9763, 7E3DE7D01464CB2F2CBE40BF, 31076696C256F64142A9F811, CB1170D7378084FDEAB4A844, F2D8529A257894E08698A558, 958941E5AD1591764912AA2F, 57DE434C0AA6D6AF9C11347C,); runOnlyForDeploymentPostprocessing = 0; };
23557C6ABA05F8825F0D9AE6 = { isa = PBXFileReference; lastKnownFileType = wrapper.framework; name = CoreAudio.framework; path = System/Library/Frameworks/CoreAudio.framework; sourceTree = SDKROOT; };
B5EF74B883620E0FDDD28309 = { isa = PBXBuildFile; fileRef = 23557C6ABA05F8825F0D9AE6; };
C166693EA3715CCB7351B000 = { isa = PBXFileReference; lastKnownFileType = wrapper.framework; name = AudioToolbox.framework; path = System/Library/Frameworks/AudioToolbox.framework; sourceTree = SDKROOT; };
4B396021E11EFFB4A3BEAAAF = { isa = PBXBuildFile; fileRef = C166693EA3715CCB7351B000; };
AA14C4CFC2532A538E01C6B5 = { isa = PBXFileReference; lastKnownFileType = wrapper.framework; name = AVFoundation.framework; path = System/Library/Frameworks/AVFoundation.framework; sourceTree = SDKROOT; };
D64C4FE0CF7429D94929DAB5 = { isa = PBXBuildFile; fileRef = AA14C4CFC2532A538E01C6B5; };
885C90F66F9A72E63491669F = { isa = PBXFileReference; lastKnownFileType = wrapper.framework; name = SwiftUI.framework; path = System/Library/Frameworks/SwiftUI.framework; sourceTree = SDKROOT; };
42C1B58A32092748DD22A5BF = { isa = PBXBuildFile; fileRef = 885C90F66F9A72E63491669F; };
8BD2FC20C69A1E6BAD334CD6 = { isa = PBXFileReference; lastKnownFileType = wrapper.framework; name = AppKit.framework; path = System/Library/Frameworks/AppKit.framework; sourceTree = SDKROOT; };
1590EB2A883F8DDF1E92854A = { isa = PBXBuildFile; fileRef = 8BD2FC20C69A1E6BAD334CD6; };
BFAC34F547E82ACD87F15794 = { isa = PBXFrameworksBuildPhase; buildActionMask = 2147483647; files = (B5EF74B883620E0FDDD28309, 4B396021E11EFFB4A3BEAAAF, D64C4FE0CF7429D94929DAB5, 42C1B58A32092748DD22A5BF, 1590EB2A883F8DDF1E92854A,); runOnlyForDeploymentPostprocessing = 0; };
CB155FE6A02DEB770FAF75C3 = { isa = PBXFileReference; explicitFileType = wrapper.application; includeInIndex = 0; path = XboxVoiceDeck.app; sourceTree = BUILT_PRODUCTS_DIR; };
D0DCF1EBBADA2E64CDF1244E = { isa = XCBuildConfiguration; buildSettings = { SDKROOT = "macosx"; MACOSX_DEPLOYMENT_TARGET = "14.0"; SWIFT_VERSION = "5.0"; CLANG_C_LANGUAGE_STANDARD = "gnu11"; CLANG_ENABLE_MODULES = "YES"; CLANG_ENABLE_OBJC_ARC = "YES"; GCC_WARN_64_TO_32_BIT_CONVERSION = "YES"; GCC_WARN_ABOUT_RETURN_TYPE = "YES_ERROR"; CLANG_WARN_BOOL_CONVERSION = "YES"; CLANG_WARN_CONSTANT_CONVERSION = "YES"; CLANG_WARN_EMPTY_BODY = "YES"; GCC_WARN_UNINITIALIZED_AUTOS = "YES_AGGRESSIVE"; GCC_WARN_UNUSED_VARIABLE = "YES"; SWIFT_OBJC_BRIDGING_HEADER = "XboxVoiceDeck/Support/BridgingHeader.h"; HEADER_SEARCH_PATHS = "$(SRCROOT)/XboxVoiceDeck/Audio/Realtime"; ARCHS = "arm64"; CODE_SIGN_STYLE = "Manual"; CODE_SIGN_IDENTITY = "-"; ENABLE_HARDENED_RUNTIME = "YES"; SWIFT_OPTIMIZATION_LEVEL = "-Onone"; GCC_OPTIMIZATION_LEVEL = "0"; DEBUG_INFORMATION_FORMAT = "dwarf-with-dsym"; ENABLE_TESTABILITY = "YES"; SWIFT_ACTIVE_COMPILATION_CONDITIONS = "DEBUG"; PRODUCT_NAME = "XboxVoiceDeck"; PRODUCT_BUNDLE_IDENTIFIER = "com.justjorshin.XboxVoiceDeck"; INFOPLIST_FILE = "XboxVoiceDeck/Support/Info.plist"; CODE_SIGN_ENTITLEMENTS = "XboxVoiceDeck/Support/XboxVoiceDeck.entitlements"; LD_RUNPATH_SEARCH_PATHS = "$(inherited) @executable_path/../Frameworks"; }; name = Debug; };
5689FEF5B53D806E37F47443 = { isa = XCBuildConfiguration; buildSettings = { SDKROOT = "macosx"; MACOSX_DEPLOYMENT_TARGET = "14.0"; SWIFT_VERSION = "5.0"; CLANG_C_LANGUAGE_STANDARD = "gnu11"; CLANG_ENABLE_MODULES = "YES"; CLANG_ENABLE_OBJC_ARC = "YES"; GCC_WARN_64_TO_32_BIT_CONVERSION = "YES"; GCC_WARN_ABOUT_RETURN_TYPE = "YES_ERROR"; CLANG_WARN_BOOL_CONVERSION = "YES"; CLANG_WARN_CONSTANT_CONVERSION = "YES"; CLANG_WARN_EMPTY_BODY = "YES"; GCC_WARN_UNINITIALIZED_AUTOS = "YES_AGGRESSIVE"; GCC_WARN_UNUSED_VARIABLE = "YES"; SWIFT_OBJC_BRIDGING_HEADER = "XboxVoiceDeck/Support/BridgingHeader.h"; HEADER_SEARCH_PATHS = "$(SRCROOT)/XboxVoiceDeck/Audio/Realtime"; ARCHS = "arm64"; CODE_SIGN_STYLE = "Manual"; CODE_SIGN_IDENTITY = "-"; ENABLE_HARDENED_RUNTIME = "YES"; SWIFT_OPTIMIZATION_LEVEL = "-O"; GCC_OPTIMIZATION_LEVEL = "3"; DEBUG_INFORMATION_FORMAT = "dwarf-with-dsym"; ENABLE_TESTABILITY = "NO"; SWIFT_ACTIVE_COMPILATION_CONDITIONS = ""; PRODUCT_NAME = "XboxVoiceDeck"; PRODUCT_BUNDLE_IDENTIFIER = "com.justjorshin.XboxVoiceDeck"; INFOPLIST_FILE = "XboxVoiceDeck/Support/Info.plist"; CODE_SIGN_ENTITLEMENTS = "XboxVoiceDeck/Support/XboxVoiceDeck.entitlements"; LD_RUNPATH_SEARCH_PATHS = "$(inherited) @executable_path/../Frameworks"; }; name = Release; };
0ABCA9F47A73C949E561A1EB = { isa = XCConfigurationList; buildConfigurations = (D0DCF1EBBADA2E64CDF1244E, 5689FEF5B53D806E37F47443,); defaultConfigurationIsVisible = 0; defaultConfigurationName = Release; };
9C3273568BA5108C3C0C9D4E = { isa = PBXNativeTarget; buildConfigurationList = 0ABCA9F47A73C949E561A1EB; buildPhases = (D9C3932FB32ADA1A3DAE0B5F, BFAC34F547E82ACD87F15794,); buildRules = (); dependencies = (); name = XboxVoiceDeck; productName = XboxVoiceDeck; productReference = CB155FE6A02DEB770FAF75C3; productType = "com.apple.product-type.application"; };
BDA511FC0E0E760279AC1F3B = { isa = PBXBuildFile; fileRef = 9D83261BE1ABDD86DAA8D37E; };
CB37E5C17A4FFDBF324F1331 = { isa = PBXBuildFile; fileRef = 0A1FA13A9F389C4C09B5EA2A; };
8725567D79AC970AD08E7A8F = { isa = PBXBuildFile; fileRef = E3CBB9C150870B84D161DECE; };
32F3D26C149BD7DD73EDEF51 = { isa = PBXBuildFile; fileRef = 06CB888BDE0B9A8BE799E7C0; };
66A2CE7EB4D4E0ECDCD0FE22 = { isa = PBXBuildFile; fileRef = AD81B4F62CF47694B6298D9B; };
85E665DA449C2F1BBA805A0B = { isa = PBXBuildFile; fileRef = FCF9A7F25C26B943ADEB0CEC; };
115A087881A36631015F49BC = { isa = PBXBuildFile; fileRef = 97AC39DBAEB684A215B5569E; };
68D9D9400EBAE74ABE3089D8 = { isa = PBXBuildFile; fileRef = C186E5A26501A9E3DDBDE180; };
51F253F9F2A6AC5833E88A48 = { isa = PBXBuildFile; fileRef = 59A22220283E9272EC0B9F24; };
866D96D16EE2EDE25AC17463 = { isa = PBXBuildFile; fileRef = 14D4092E006E0FA74D4D8883; };
B7499262C2BAD5CA43A3E2CB = { isa = PBXBuildFile; fileRef = E78B061D760644A25C608EC5; };
CF8766D1451058D99F865504 = { isa = PBXBuildFile; fileRef = 1F3789C58346D86606350596; };
55BD5B71DAD1B7D56EED7AC7 = { isa = PBXBuildFile; fileRef = 731DDBF1590C3BEFE3F768E3; };
C2B0EFD2FB83D4EBAA7E34C6 = { isa = PBXBuildFile; fileRef = 8C5B716AD745DE9FD72634A1; };
BFEE29CC07CFD99393589DB4 = { isa = PBXBuildFile; fileRef = 82BA0F4BB185419AD82161BB; };
0845F56E4452521EBFCA761F = { isa = PBXBuildFile; fileRef = E82ECA5F1AFD1C6FA32A06D5; };
9738EE8EAE76DFE633665DF6 = { isa = PBXBuildFile; fileRef = 90CF009A2BE121EC957ABDA3; };
8ACF1A3A6B8096046ED0523D = { isa = PBXBuildFile; fileRef = A680FAB64C045CB13D512B97; };
16C0856B947A8CA43E9BE829 = { isa = PBXBuildFile; fileRef = CA1E6D3618A149AB4AEF5D95; };
B065CF7037379EF5063B0776 = { isa = PBXBuildFile; fileRef = 7681A09AC4CC8D37762FE6F7; };
DE9672A9CBF72257A01E5803 = { isa = PBXBuildFile; fileRef = 3FB4147105E8E1BFFF1C9A71; };
4304FBB36838F19B4D8885E1 = { isa = PBXBuildFile; fileRef = 68305D8645C3F2F74106999C; };
C103C5964E6DC3ECAEE9D2F4 = { isa = PBXBuildFile; fileRef = 6CB474C8D272CD9B66B57050; };
C01072B2660C5A247958F2E4 = { isa = PBXBuildFile; fileRef = 59955ED334740AAE0363C80C; };
3EF3073406CA4652C8E7648A = { isa = PBXBuildFile; fileRef = F02B30F87F0BC3A5343202F1; };
865278B7758DA938414D72D0 = { isa = PBXSourcesBuildPhase; buildActionMask = 2147483647; files = (BDA511FC0E0E760279AC1F3B, CB37E5C17A4FFDBF324F1331, 8725567D79AC970AD08E7A8F, 32F3D26C149BD7DD73EDEF51, 66A2CE7EB4D4E0ECDCD0FE22, 85E665DA449C2F1BBA805A0B, 115A087881A36631015F49BC, 68D9D9400EBAE74ABE3089D8, 51F253F9F2A6AC5833E88A48, 866D96D16EE2EDE25AC17463, B7499262C2BAD5CA43A3E2CB, CF8766D1451058D99F865504, 55BD5B71DAD1B7D56EED7AC7, C2B0EFD2FB83D4EBAA7E34C6, BFEE29CC07CFD99393589DB4, 0845F56E4452521EBFCA761F, 9738EE8EAE76DFE633665DF6, 8ACF1A3A6B8096046ED0523D, 16C0856B947A8CA43E9BE829, B065CF7037379EF5063B0776, DE9672A9CBF72257A01E5803, 4304FBB36838F19B4D8885E1, C103C5964E6DC3ECAEE9D2F4, C01072B2660C5A247958F2E4, 3EF3073406CA4652C8E7648A,); runOnlyForDeploymentPostprocessing = 0; };
18B4BFC5150C1F9A208D2168 = { isa = PBXBuildFile; fileRef = 23557C6ABA05F8825F0D9AE6; };
1D11B7E73DAC13A7B6B98194 = { isa = PBXBuildFile; fileRef = C166693EA3715CCB7351B000; };
994F568DB9FBA5C4A0838D5B = { isa = PBXBuildFile; fileRef = AA14C4CFC2532A538E01C6B5; };
190CE25D364508AEBC441488 = { isa = PBXBuildFile; fileRef = 885C90F66F9A72E63491669F; };
C576C3837FE9BF77DEEF638D = { isa = PBXBuildFile; fileRef = 8BD2FC20C69A1E6BAD334CD6; };
19DD48D370B3B8EE66D6DA09 = { isa = PBXFrameworksBuildPhase; buildActionMask = 2147483647; files = (18B4BFC5150C1F9A208D2168, 1D11B7E73DAC13A7B6B98194, 994F568DB9FBA5C4A0838D5B, 190CE25D364508AEBC441488, C576C3837FE9BF77DEEF638D,); runOnlyForDeploymentPostprocessing = 0; };
89C83E22CAC9FA010342BD95 = { isa = PBXFileReference; explicitFileType = wrapper.cfbundle; includeInIndex = 0; path = XboxVoiceDeckTests.xctest; sourceTree = BUILT_PRODUCTS_DIR; };
A38E0BD660A3E2C19ED65418 = { isa = XCBuildConfiguration; buildSettings = { SDKROOT = "macosx"; MACOSX_DEPLOYMENT_TARGET = "14.0"; SWIFT_VERSION = "5.0"; CLANG_C_LANGUAGE_STANDARD = "gnu11"; CLANG_ENABLE_MODULES = "YES"; CLANG_ENABLE_OBJC_ARC = "YES"; GCC_WARN_64_TO_32_BIT_CONVERSION = "YES"; GCC_WARN_ABOUT_RETURN_TYPE = "YES_ERROR"; CLANG_WARN_BOOL_CONVERSION = "YES"; CLANG_WARN_CONSTANT_CONVERSION = "YES"; CLANG_WARN_EMPTY_BODY = "YES"; GCC_WARN_UNINITIALIZED_AUTOS = "YES_AGGRESSIVE"; GCC_WARN_UNUSED_VARIABLE = "YES"; SWIFT_OBJC_BRIDGING_HEADER = "XboxVoiceDeck/Support/BridgingHeader.h"; HEADER_SEARCH_PATHS = "$(SRCROOT)/XboxVoiceDeck/Audio/Realtime"; ARCHS = "arm64"; CODE_SIGN_STYLE = "Manual"; CODE_SIGN_IDENTITY = "-"; ENABLE_HARDENED_RUNTIME = "NO"; SWIFT_OPTIMIZATION_LEVEL = "-Onone"; GCC_OPTIMIZATION_LEVEL = "0"; DEBUG_INFORMATION_FORMAT = "dwarf-with-dsym"; ENABLE_TESTABILITY = "YES"; SWIFT_ACTIVE_COMPILATION_CONDITIONS = "DEBUG"; PRODUCT_NAME = "XboxVoiceDeckTests"; PRODUCT_BUNDLE_IDENTIFIER = "com.justjorshin.XboxVoiceDeckTests"; GENERATE_INFOPLIST_FILE = "YES"; LD_RUNPATH_SEARCH_PATHS = "$(inherited) @loader_path/../Frameworks @executable_path/../Frameworks"; }; name = Debug; };
80B9CAB46C00117CF765602F = { isa = XCBuildConfiguration; buildSettings = { SDKROOT = "macosx"; MACOSX_DEPLOYMENT_TARGET = "14.0"; SWIFT_VERSION = "5.0"; CLANG_C_LANGUAGE_STANDARD = "gnu11"; CLANG_ENABLE_MODULES = "YES"; CLANG_ENABLE_OBJC_ARC = "YES"; GCC_WARN_64_TO_32_BIT_CONVERSION = "YES"; GCC_WARN_ABOUT_RETURN_TYPE = "YES_ERROR"; CLANG_WARN_BOOL_CONVERSION = "YES"; CLANG_WARN_CONSTANT_CONVERSION = "YES"; CLANG_WARN_EMPTY_BODY = "YES"; GCC_WARN_UNINITIALIZED_AUTOS = "YES_AGGRESSIVE"; GCC_WARN_UNUSED_VARIABLE = "YES"; SWIFT_OBJC_BRIDGING_HEADER = "XboxVoiceDeck/Support/BridgingHeader.h"; HEADER_SEARCH_PATHS = "$(SRCROOT)/XboxVoiceDeck/Audio/Realtime"; ARCHS = "arm64"; CODE_SIGN_STYLE = "Manual"; CODE_SIGN_IDENTITY = "-"; ENABLE_HARDENED_RUNTIME = "NO"; SWIFT_OPTIMIZATION_LEVEL = "-O"; GCC_OPTIMIZATION_LEVEL = "3"; DEBUG_INFORMATION_FORMAT = "dwarf-with-dsym"; ENABLE_TESTABILITY = "NO"; SWIFT_ACTIVE_COMPILATION_CONDITIONS = ""; PRODUCT_NAME = "XboxVoiceDeckTests"; PRODUCT_BUNDLE_IDENTIFIER = "com.justjorshin.XboxVoiceDeckTests"; GENERATE_INFOPLIST_FILE = "YES"; LD_RUNPATH_SEARCH_PATHS = "$(inherited) @loader_path/../Frameworks @executable_path/../Frameworks"; }; name = Release; };
314153387ACD1CB8F9CF9C12 = { isa = XCConfigurationList; buildConfigurations = (A38E0BD660A3E2C19ED65418, 80B9CAB46C00117CF765602F,); defaultConfigurationIsVisible = 0; defaultConfigurationName = Release; };
C3EE1846DF0B9D1EAB6994A0 = { isa = PBXNativeTarget; buildConfigurationList = 314153387ACD1CB8F9CF9C12; buildPhases = (865278B7758DA938414D72D0, 19DD48D370B3B8EE66D6DA09,); buildRules = (); dependencies = (); name = XboxVoiceDeckTests; productName = XboxVoiceDeckTests; productReference = 89C83E22CAC9FA010342BD95; productType = "com.apple.product-type.bundle.unit-test"; };
F78E1EF89251795DAE84C07A = { isa = PBXBuildFile; fileRef = DF7D9CC590EF88A250413F9D; };
D756611D8305938DD8BAEEB0 = { isa = PBXSourcesBuildPhase; buildActionMask = 2147483647; files = (F78E1EF89251795DAE84C07A,); runOnlyForDeploymentPostprocessing = 0; };
D2FB6BF34DA201E01F74DB74 = { isa = PBXBuildFile; fileRef = 23557C6ABA05F8825F0D9AE6; };
D4C31C813B02C7F5F2E03C2B = { isa = PBXBuildFile; fileRef = C166693EA3715CCB7351B000; };
A3AB6D28B4676FF12E0BF8A2 = { isa = PBXBuildFile; fileRef = AA14C4CFC2532A538E01C6B5; };
01B49A9948354E2E5B593836 = { isa = PBXBuildFile; fileRef = 885C90F66F9A72E63491669F; };
23583E9E612CF4DD296CCDE9 = { isa = PBXBuildFile; fileRef = 8BD2FC20C69A1E6BAD334CD6; };
CDA396BD049EC9BC5E66CE19 = { isa = PBXFrameworksBuildPhase; buildActionMask = 2147483647; files = (D2FB6BF34DA201E01F74DB74, D4C31C813B02C7F5F2E03C2B, A3AB6D28B4676FF12E0BF8A2, 01B49A9948354E2E5B593836, 23583E9E612CF4DD296CCDE9,); runOnlyForDeploymentPostprocessing = 0; };
DCDD852F4A25F121559ABDD4 = { isa = PBXFileReference; explicitFileType = wrapper.cfbundle; includeInIndex = 0; path = XboxVoiceDeckUITests.xctest; sourceTree = BUILT_PRODUCTS_DIR; };
CFDF0FF771F59E928DB2035D = { isa = PBXContainerItemProxy; containerPortal = 244210E48437B6556980A702; proxyType = 1; remoteGlobalIDString = 9C3273568BA5108C3C0C9D4E; remoteInfo = XboxVoiceDeck; };
3C8D7795458386CAAACE2399 = { isa = PBXTargetDependency; target = 9C3273568BA5108C3C0C9D4E; targetProxy = CFDF0FF771F59E928DB2035D; };
10C254AB6F5A5C56E91D472F = { isa = XCBuildConfiguration; buildSettings = { SDKROOT = "macosx"; MACOSX_DEPLOYMENT_TARGET = "14.0"; SWIFT_VERSION = "5.0"; CLANG_C_LANGUAGE_STANDARD = "gnu11"; CLANG_ENABLE_MODULES = "YES"; CLANG_ENABLE_OBJC_ARC = "YES"; GCC_WARN_64_TO_32_BIT_CONVERSION = "YES"; GCC_WARN_ABOUT_RETURN_TYPE = "YES_ERROR"; CLANG_WARN_BOOL_CONVERSION = "YES"; CLANG_WARN_CONSTANT_CONVERSION = "YES"; CLANG_WARN_EMPTY_BODY = "YES"; GCC_WARN_UNINITIALIZED_AUTOS = "YES_AGGRESSIVE"; GCC_WARN_UNUSED_VARIABLE = "YES"; SWIFT_OBJC_BRIDGING_HEADER = ""; HEADER_SEARCH_PATHS = "$(SRCROOT)/XboxVoiceDeck/Audio/Realtime"; ARCHS = "arm64"; CODE_SIGN_STYLE = "Manual"; CODE_SIGN_IDENTITY = "-"; ENABLE_HARDENED_RUNTIME = "NO"; SWIFT_OPTIMIZATION_LEVEL = "-Onone"; GCC_OPTIMIZATION_LEVEL = "0"; DEBUG_INFORMATION_FORMAT = "dwarf-with-dsym"; ENABLE_TESTABILITY = "YES"; SWIFT_ACTIVE_COMPILATION_CONDITIONS = "DEBUG"; PRODUCT_NAME = "XboxVoiceDeckUITests"; PRODUCT_BUNDLE_IDENTIFIER = "com.justjorshin.XboxVoiceDeckUITests"; GENERATE_INFOPLIST_FILE = "YES"; LD_RUNPATH_SEARCH_PATHS = "$(inherited) @loader_path/../Frameworks @executable_path/../Frameworks"; TEST_TARGET_NAME = "XboxVoiceDeck"; }; name = Debug; };
8E019D28509C07C179211949 = { isa = XCBuildConfiguration; buildSettings = { SDKROOT = "macosx"; MACOSX_DEPLOYMENT_TARGET = "14.0"; SWIFT_VERSION = "5.0"; CLANG_C_LANGUAGE_STANDARD = "gnu11"; CLANG_ENABLE_MODULES = "YES"; CLANG_ENABLE_OBJC_ARC = "YES"; GCC_WARN_64_TO_32_BIT_CONVERSION = "YES"; GCC_WARN_ABOUT_RETURN_TYPE = "YES_ERROR"; CLANG_WARN_BOOL_CONVERSION = "YES"; CLANG_WARN_CONSTANT_CONVERSION = "YES"; CLANG_WARN_EMPTY_BODY = "YES"; GCC_WARN_UNINITIALIZED_AUTOS = "YES_AGGRESSIVE"; GCC_WARN_UNUSED_VARIABLE = "YES"; SWIFT_OBJC_BRIDGING_HEADER = ""; HEADER_SEARCH_PATHS = "$(SRCROOT)/XboxVoiceDeck/Audio/Realtime"; ARCHS = "arm64"; CODE_SIGN_STYLE = "Manual"; CODE_SIGN_IDENTITY = "-"; ENABLE_HARDENED_RUNTIME = "NO"; SWIFT_OPTIMIZATION_LEVEL = "-O"; GCC_OPTIMIZATION_LEVEL = "3"; DEBUG_INFORMATION_FORMAT = "dwarf-with-dsym"; ENABLE_TESTABILITY = "NO"; SWIFT_ACTIVE_COMPILATION_CONDITIONS = ""; PRODUCT_NAME = "XboxVoiceDeckUITests"; PRODUCT_BUNDLE_IDENTIFIER = "com.justjorshin.XboxVoiceDeckUITests"; GENERATE_INFOPLIST_FILE = "YES"; LD_RUNPATH_SEARCH_PATHS = "$(inherited) @loader_path/../Frameworks @executable_path/../Frameworks"; TEST_TARGET_NAME = "XboxVoiceDeck"; }; name = Release; };
AFAE49229B51A97559703F8A = { isa = XCConfigurationList; buildConfigurations = (10C254AB6F5A5C56E91D472F, 8E019D28509C07C179211949,); defaultConfigurationIsVisible = 0; defaultConfigurationName = Release; };
F976EB586B414E1580582FCB = { isa = PBXNativeTarget; buildConfigurationList = AFAE49229B51A97559703F8A; buildPhases = (D756611D8305938DD8BAEEB0, CDA396BD049EC9BC5E66CE19,); buildRules = (); dependencies = (3C8D7795458386CAAACE2399,); name = XboxVoiceDeckUITests; productName = XboxVoiceDeckUITests; productReference = DCDD852F4A25F121559ABDD4; productType = "com.apple.product-type.bundle.ui-testing"; };
0A3E27B8CA818264D75C8D81 = { isa = PBXGroup; children = (CB155FE6A02DEB770FAF75C3, 89C83E22CAC9FA010342BD95, DCDD852F4A25F121559ABDD4,); name = Products; sourceTree = "<group>"; };
0D6E4079E36703EBD37C0072 = { isa = PBXGroup; children = (AD81B4F62CF47694B6298D9B, FCF9A7F25C26B943ADEB0CEC, 97AC39DBAEB684A215B5569E, 290FF1BF49096B37487F107D, C186E5A26501A9E3DDBDE180, 59A22220283E9272EC0B9F24, 14D4092E006E0FA74D4D8883, E78B061D760644A25C608EC5, 1F3789C58346D86606350596, 8700FE0A3372B925F3EA9EC7, 731DDBF1590C3BEFE3F768E3, 8C5B716AD745DE9FD72634A1, 82BA0F4BB185419AD82161BB, E82ECA5F1AFD1C6FA32A06D5, 90CF009A2BE121EC957ABDA3, A680FAB64C045CB13D512B97, CA1E6D3618A149AB4AEF5D95, 7681A09AC4CC8D37762FE6F7, 91DD1892BE677E9F04632A24, 5E0193293D164CE98E7F9B48, 19F7E77080CBE33654D1AA68, 3FB4147105E8E1BFFF1C9A71, 68305D8645C3F2F74106999C, 6CB474C8D272CD9B66B57050, 59955ED334740AAE0363C80C, F02B30F87F0BC3A5343202F1, 9D83261BE1ABDD86DAA8D37E, 0A1FA13A9F389C4C09B5EA2A, E3CBB9C150870B84D161DECE, 06CB888BDE0B9A8BE799E7C0, DF7D9CC590EF88A250413F9D, 0A3E27B8CA818264D75C8D81,); sourceTree = "<group>"; };
73EBF6644258C120893E685D = { isa = XCBuildConfiguration; buildSettings = { SDKROOT = "macosx"; MACOSX_DEPLOYMENT_TARGET = "14.0"; SWIFT_VERSION = "5.0"; CLANG_C_LANGUAGE_STANDARD = "gnu11"; CLANG_ENABLE_MODULES = "YES"; CLANG_ENABLE_OBJC_ARC = "YES"; GCC_WARN_64_TO_32_BIT_CONVERSION = "YES"; GCC_WARN_ABOUT_RETURN_TYPE = "YES_ERROR"; CLANG_WARN_BOOL_CONVERSION = "YES"; CLANG_WARN_CONSTANT_CONVERSION = "YES"; CLANG_WARN_EMPTY_BODY = "YES"; GCC_WARN_UNINITIALIZED_AUTOS = "YES_AGGRESSIVE"; GCC_WARN_UNUSED_VARIABLE = "YES"; SWIFT_OBJC_BRIDGING_HEADER = "XboxVoiceDeck/Support/BridgingHeader.h"; HEADER_SEARCH_PATHS = "$(SRCROOT)/XboxVoiceDeck/Audio/Realtime"; ARCHS = "arm64"; CODE_SIGN_STYLE = "Manual"; CODE_SIGN_IDENTITY = "-"; ENABLE_HARDENED_RUNTIME = "YES"; SWIFT_OPTIMIZATION_LEVEL = "-Onone"; GCC_OPTIMIZATION_LEVEL = "0"; DEBUG_INFORMATION_FORMAT = "dwarf-with-dsym"; ENABLE_TESTABILITY = "YES"; SWIFT_ACTIVE_COMPILATION_CONDITIONS = "DEBUG"; }; name = Debug; };
0B0C687DF8B6B8DC790B519C = { isa = XCBuildConfiguration; buildSettings = { SDKROOT = "macosx"; MACOSX_DEPLOYMENT_TARGET = "14.0"; SWIFT_VERSION = "5.0"; CLANG_C_LANGUAGE_STANDARD = "gnu11"; CLANG_ENABLE_MODULES = "YES"; CLANG_ENABLE_OBJC_ARC = "YES"; GCC_WARN_64_TO_32_BIT_CONVERSION = "YES"; GCC_WARN_ABOUT_RETURN_TYPE = "YES_ERROR"; CLANG_WARN_BOOL_CONVERSION = "YES"; CLANG_WARN_CONSTANT_CONVERSION = "YES"; CLANG_WARN_EMPTY_BODY = "YES"; GCC_WARN_UNINITIALIZED_AUTOS = "YES_AGGRESSIVE"; GCC_WARN_UNUSED_VARIABLE = "YES"; SWIFT_OBJC_BRIDGING_HEADER = "XboxVoiceDeck/Support/BridgingHeader.h"; HEADER_SEARCH_PATHS = "$(SRCROOT)/XboxVoiceDeck/Audio/Realtime"; ARCHS = "arm64"; CODE_SIGN_STYLE = "Manual"; CODE_SIGN_IDENTITY = "-"; ENABLE_HARDENED_RUNTIME = "YES"; SWIFT_OPTIMIZATION_LEVEL = "-O"; GCC_OPTIMIZATION_LEVEL = "3"; DEBUG_INFORMATION_FORMAT = "dwarf-with-dsym"; ENABLE_TESTABILITY = "NO"; SWIFT_ACTIVE_COMPILATION_CONDITIONS = ""; }; name = Release; };
9879E227F5AD614B3D33074F = { isa = XCConfigurationList; buildConfigurations = (73EBF6644258C120893E685D, 0B0C687DF8B6B8DC790B519C,); defaultConfigurationIsVisible = 0; defaultConfigurationName = Release; };
244210E48437B6556980A702 = { isa = PBXProject; attributes = { LastUpgradeCheck = 2700; }; buildConfigurationList = 9879E227F5AD614B3D33074F; compatibilityVersion = "Xcode 14.0"; developmentRegion = en; hasScannedForEncodings = 0; knownRegions = (en, Base); mainGroup = 0D6E4079E36703EBD37C0072; productRefGroup = 0A3E27B8CA818264D75C8D81; projectDirPath = ""; projectRoot = ""; targets = (9C3273568BA5108C3C0C9D4E, C3EE1846DF0B9D1EAB6994A0, F976EB586B414E1580582FCB,); };
}; rootObject = 244210E48437B6556980A702; }
